
Microsoft Visual Studio Solution File, Format Version 12.00
# Visual Studio 15
VisualStudioVersion = 15.0.27130.2010
MinimumVisualStudioVersion = 10.0.40219.1
Project("{FAE04EC0-301F-11D3-BF4B-00C04F79EFBC}") = "WebSocketServer", "WebSocketServer\WebSocketServer.csproj", "{53E156C8-FA9C-4EB1-8C47-87375CCCE31C}"
EndProject
Global
	GlobalSection(SolutionConfigurationPlatforms) = preSolution
		Debug|Any CPU = Debug|Any CPU
		Release|Any CPU = Release|Any CPU
	EndGlobalSection
	GlobalSection(ProjectConfigurationPlatforms) = postSolution
		{53E156C8-FA9C-4EB1-8C47-87375CCCE31C}.Debug|Any CPU.ActiveCfg = Debug|Any CPU
		{53E156C8-FA9C-4EB1-8C47-87375CCCE31C}.Debug|Any CPU.Build.0 = Debug|Any CPU
		{53E156C8-FA9C-4EB1-8C47-87375CCCE31C}.Release|Any CPU.ActiveCfg = Release|Any CPU
		{53E156C8-FA9C-4EB1-8C47-87375CCCE31C}.Release|Any CPU.Build.0 = Release|Any CPU
	EndGlobalSection
	GlobalSection(SolutionProperties) = preSolution
		HideSolutionNode = FALSE
	EndGlobalSection
	GlobalSection(ExtensibilityGlobals) = postSolution
		SolutionGuid = {E262E094-D312-409A-987F-9B64165D0E64}
	EndGlobalSection
EndGlobal
